
Microsoft Visual Studio Solution File, Format Version 12.00
# Visual Studio Version 16
VisualStudioVersion = 16.0.32630.194
MinimumVisualStudioVersion = 10.0.40219.1
Project("{FAE04EC0-301F-11D3-BF4B-00C04F79EFBC}") = "QuizVersão2", "QuizVersão2\QuizVersão2.csproj", "{DD48B0C7-419E-4161-86AD-315D199D8307}"
EndProject
Global
	GlobalSection(SolutionConfigurationPlatforms) = preSolution
		Debug|Any CPU = Debug|Any CPU
		Release|Any CPU = Release|Any CPU
	EndGlobalSection
	GlobalSection(ProjectConfigurationPlatforms) = postSolution
		{DD48B0C7-419E-4161-86AD-315D199D8307}.Debug|Any CPU.ActiveCfg = Debug|Any CPU
		{DD48B0C7-419E-4161-86AD-315D199D8307}.Debug|Any CPU.Build.0 = Debug|Any CPU
		{DD48B0C7-419E-4161-86AD-315D199D8307}.Release|Any CPU.ActiveCfg = Release|Any CPU
		{DD48B0C7-419E-4161-86AD-315D199D8307}.Release|Any CPU.Build.0 = Release|Any CPU
	EndGlobalSection
	GlobalSection(SolutionProperties) = preSolution
		HideSolutionNode = FALSE
	EndGlobalSection
	GlobalSection(ExtensibilityGlobals) = postSolution
		SolutionGuid = {24504B05-CA6C-4132-8C57-71250CC35E30}
	EndGlobalSection
EndGlobal
